<?xml version="1.0" encoding="utf-8"?>
<Project ToolsVersion="4.0" xmlns="http://schemas.microsoft.com/developer/msbuild/2003">
  <ItemGroup>
    <Filter Include="Source Files">
      <UniqueIdentifier>{4FC737F1-C7A5-4376-A066-2A32D752A2FF}</UniqueIdentifier>
      <Extensions>cpp;c;cc;cxx;c++;cppm;ixx;def;odl;idl;hpj;bat;asm;asmx</Extensions>
    </Filter>
    <Filter Include="Header Files">
      <UniqueIdentifier>{93995380-89BD-4b04-88EB-625FBE52EBFB}</UniqueIdentifier>
      <Extensions>h;hh;hpp;hxx;h++;hm;inl;inc;ipp;xsd</Extensions>
    </Filter>
    <Filter Include="Resource Files">
      <UniqueIdentifier>{67DA6AB6-F800-4c08-8B7A-83BB121AAD01}</UniqueIdentifier>
      <Extensions>rc;ico;cur;bmp;dlg;rc2;rct;bin;rgs;gif;jpg;jpeg;jpe;resx;tiff;tif;png;wav;mfcribbon-ms</Extensions>
    </Filter>
    <Filter Include="Source Files\imgui-node-editor">
      <UniqueIdentifier>{a215860e-b0fb-4afb-8adb-46b6e8a7035e}</UniqueIdentifier>
    </Filter>
    <Filter Include="Source Files\dear imgui INE version">
      <UniqueIdentifier>{09be06bc-6828-4fbd-a3d1-4ef18e4b1886}</UniqueIdentifier>
    </Filter>
    <Filter Include="Header Files\dear imgui INE version">
      <UniqueIdentifier>{afca5a61-9313-40ea-8fdf-582f6abaeaae}</UniqueIdentifier>
    </Filter>
    <Filter Include="Header Files\glew">
      <UniqueIdentifier>{e516f4b6-9533-4a87-9901-b262890baa44}</UniqueIdentifier>
    </Filter>
    <Filter Include="Header Files\node_defs">
      <UniqueIdentifier>{6106ca94-1d65-423e-9ee1-905e327c0d1e}</UniqueIdentifier>
    </Filter>
    <Filter Include="Source Files\plano">
      <UniqueIdentifier>{55453df4-6841-40e0-99a4-239d6d37b502}</UniqueIdentifier>
    </Filter>
    <Filter Include="Header Files\plano">
      <UniqueIdentifier>{5c1320ed-3c17-4bf5-92ae-1f79f3bfb4f8}</UniqueIdentifier>
    </Filter>
    <Filter Include="Header Files\SDL2">
      <UniqueIdentifier>{56cc4651-ffda-4eb1-9bf9-55036682cbd0}</UniqueIdentifier>
    </Filter>
    <Filter Include="Header Files\plano\internal">
      <UniqueIdentifier>{c21d1c01-7e72-45e1-8538-de3ac458e06a}</UniqueIdentifier>
    </Filter>
    <Filter Include="Header Files\imgui-node-editor">
      <UniqueIdentifier>{9d9bf6ea-7b76-4c84-9419-efc4311f0bdb}</UniqueIdentifier>
    </Filter>
  </ItemGroup>
  <ItemGroup>
    <ClCompile Include="main.cpp">
      <Filter>Source Files</Filter>
    </ClCompile>
    <ClCompile Include="..\imgui-node-editor\imgui_canvas.cpp">
      <Filter>Source Files\imgui-node-editor</Filter>
    </ClCompile>
    <ClCompile Include="..\imgui-node-editor\imgui_node_editor.cpp">
      <Filter>Source Files\imgui-node-editor</Filter>
    </ClCompile>
    <ClCompile Include="..\imgui-node-editor\imgui_node_editor_api.cpp">
      <Filter>Source Files\imgui-node-editor</Filter>
    </ClCompile>
    <ClCompile Include="..\imgui-node-editor\crude_json.cpp">
      <Filter>Source Files\imgui-node-editor</Filter>
    </ClCompile>
    <ClCompile Include="..\imgui-node-editor\external\imgui\imgui_widgets.cpp">
      <Filter>Source Files\dear imgui INE version</Filter>
    </ClCompile>
    <ClCompile Include="..\imgui-node-editor\external\imgui\imgui.cpp">
      <Filter>Source Files\dear imgui INE version</Filter>
    </ClCompile>
    <ClCompile Include="..\imgui-node-editor\external\imgui\imgui_demo.cpp">
      <Filter>Source Files\dear imgui INE version</Filter>
    </ClCompile>
    <ClCompile Include="..\imgui-node-editor\external\imgui\imgui_draw.cpp">
      <Filter>Source Files\dear imgui INE version</Filter>
    </ClCompile>
    <ClCompile Include="..\imgui-node-editor\external\imgui\imgui_tables.cpp">
      <Filter>Source Files\dear imgui INE version</Filter>
    </ClCompile>
    <ClCompile Include="imgui_impl_opengl3.cpp">
      <Filter>Source Files</Filter>
    </ClCompile>
    <ClCompile Include="imgui_impl_sdl.cpp">
      <Filter>Source Files</Filter>
    </ClCompile>
    <ClCompile Include="..\plano\src\attribute.cpp">
      <Filter>Source Files\plano</Filter>
    </ClCompile>
    <ClCompile Include="..\plano\src\backend_io.cpp">
      <Filter>Source Files\plano</Filter>
    </ClCompile>
    <ClCompile Include="..\plano\src\builders.cpp">
      <Filter>Source Files\plano</Filter>
    </ClCompile>
    <ClCompile Include="..\plano\src\draw_nodes.cpp">
      <Filter>Source Files\plano</Filter>
    </ClCompile>
    <ClCompile Include="..\plano\src\drawing.cpp">
      <Filter>Source Files\plano</Filter>
    </ClCompile>
    <ClCompile Include="..\plano\src\example_property_im_draw.cpp">
      <Filter>Source Files\plano</Filter>
    </ClCompile>
    <ClCompile Include="..\plano\src\frame.cpp">
      <Filter>Source Files\plano</Filter>
    </ClCompile>
    <ClCompile Include="..\plano\src\handle_interactions.cpp">
      <Filter>Source Files\plano</Filter>
    </ClCompile>
    <ClCompile Include="..\plano\src\imgui_stdlib.cpp">
      <Filter>Source Files\plano</Filter>
    </ClCompile>
    <ClCompile Include="..\plano\src\internal.cpp">
      <Filter>Source Files\plano</Filter>
    </ClCompile>
    <ClCompile Include="..\plano\src\node_registry.cpp">
      <Filter>Source Files\plano</Filter>
    </ClCompile>
    <ClCompile Include="..\plano\src\plano_api.cpp">
      <Filter>Source Files\plano</Filter>
    </ClCompile>
    <ClCompile Include="..\plano\src\widgets.cpp">
      <Filter>Source Files\plano</Filter>
    </ClCompile>
  </ItemGroup>
  <ItemGroup>
    <None Include="..\imgui-node-editor\imgui_node_editor_internal.inl">
      <Filter>Source Files\imgui-node-editor</Filter>
    </None>
    <None Include="..\imgui-node-editor\imgui_bezier_math.inl">
      <Filter>Source Files\imgui-node-editor</Filter>
    </None>
    <None Include="..\imgui-node-editor\imgui_extra_math.inl">
      <Filter>Source Files\imgui-node-editor</Filter>
    </None>
    <None Include="..\SDL2-2.0.22\include\SDL_config.h.cmake">
      <Filter>Header Files\SDL2</Filter>
    </None>
    <None Include="..\SDL2-2.0.22\include\SDL_config.h.in">
      <Filter>Header Files\SDL2</Filter>
    </None>
    <None Include="..\SDL2-2.0.22\include\SDL_revision.h.cmake">
      <Filter>Header Files\SDL2</Filter>
    </None>
  </ItemGroup>
  <ItemGroup>
    <ClInclude Include="..\glew-2.1.0\include\GL\eglew.h">
      <Filter>Header Files\glew</Filter>
    </ClInclude>
    <ClInclude Include="..\glew-2.1.0\include\GL\glew.h">
      <Filter>Header Files\glew</Filter>
    </ClInclude>
    <ClInclude Include="..\glew-2.1.0\include\GL\glxew.h">
      <Filter>Header Files\glew</Filter>
    </ClInclude>
    <ClInclude Include="..\glew-2.1.0\include\GL\wglew.h">
      <Filter>Header Files\glew</Filter>
    </ClInclude>
    <ClInclude Include="node_defs\blueprint_demo.h">
      <Filter>Header Files\node_defs</Filter>
    </ClInclude>
    <ClInclude Include="node_defs\import_animal.h">
      <Filter>Header Files\node_defs</Filter>
    </ClInclude>
    <ClInclude Include="..\SDL2-2.0.22\include\begin_code.h">
      <Filter>Header Files\SDL2</Filter>
    </ClInclude>
    <ClInclude Include="..\SDL2-2.0.22\include\close_code.h">
      <Filter>Header Files\SDL2</Filter>
    </ClInclude>
    <ClInclude Include="..\SDL2-2.0.22\include\SDL.h">
      <Filter>Header Files\SDL2</Filter>
    </ClInclude>
    <ClInclude Include="..\SDL2-2.0.22\include\SDL_assert.h">
      <Filter>Header Files\SDL2</Filter>
    </ClInclude>
    <ClInclude Include="..\SDL2-2.0.22\include\SDL_atomic.h">
      <Filter>Header Files\SDL2</Filter>
    </ClInclude>
    <ClInclude Include="..\SDL2-2.0.22\include\SDL_audio.h">
      <Filter>Header Files\SDL2</Filter>
    </ClInclude>
    <ClInclude Include="..\SDL2-2.0.22\include\SDL_bits.h">
      <Filter>Header Files\SDL2</Filter>
    </ClInclude>
    <ClInclude Include="..\SDL2-2.0.22\include\SDL_blendmode.h">
      <Filter>Header Files\SDL2</Filter>
    </ClInclude>
    <ClInclude Include="..\SDL2-2.0.22\include\SDL_clipboard.h">
      <Filter>Header Files\SDL2</Filter>
    </ClInclude>
    <ClInclude Include="..\SDL2-2.0.22\include\SDL_config.h">
      <Filter>Header Files\SDL2</Filter>
    </ClInclude>
    <ClInclude Include="..\SDL2-2.0.22\include\SDL_config_android.h">
      <Filter>Header Files\SDL2</Filter>
    </ClInclude>
    <ClInclude Include="..\SDL2-2.0.22\include\SDL_config_emscripten.h">
      <Filter>Header Files\SDL2</Filter>
    </ClInclude>
    <ClInclude Include="..\SDL2-2.0.22\include\SDL_config_iphoneos.h">
      <Filter>Header Files\SDL2</Filter>
    </ClInclude>
    <ClInclude Include="..\SDL2-2.0.22\include\SDL_config_macosx.h">
      <Filter>Header Files\SDL2</Filter>
    </ClInclude>
    <ClInclude Include="..\SDL2-2.0.22\include\SDL_config_minimal.h">
      <Filter>Header Files\SDL2</Filter>
    </ClInclude>
    <ClInclude Include="..\SDL2-2.0.22\include\SDL_config_os2.h">
      <Filter>Header Files\SDL2</Filter>
    </ClInclude>
    <ClInclude Include="..\SDL2-2.0.22\include\SDL_config_pandora.h">
      <Filter>Header Files\SDL2</Filter>
    </ClInclude>
    <ClInclude Include="..\SDL2-2.0.22\include\SDL_config_windows.h">
      <Filter>Header Files\SDL2</Filter>
    </ClInclude>
    <ClInclude Include="..\SDL2-2.0.22\include\SDL_config_winrt.h">
      <Filter>Header Files\SDL2</Filter>
    </ClInclude>
    <ClInclude Include="..\SDL2-2.0.22\include\SDL_copying.h">
      <Filter>Header Files\SDL2</Filter>
    </ClInclude>
    <ClInclude Include="..\SDL2-2.0.22\include\SDL_cpuinfo.h">
      <Filter>Header Files\SDL2</Filter>
    </ClInclude>
    <ClInclude Include="..\SDL2-2.0.22\include\SDL_egl.h">
      <Filter>Header Files\SDL2</Filter>
    </ClInclude>
    <ClInclude Include="..\SDL2-2.0.22\include\SDL_endian.h">
      <Filter>Header Files\SDL2</Filter>
    </ClInclude>
    <ClInclude Include="..\SDL2-2.0.22\include\SDL_error.h">
      <Filter>Header Files\SDL2</Filter>
    </ClInclude>
    <ClInclude Include="..\SDL2-2.0.22\include\SDL_events.h">
      <Filter>Header Files\SDL2</Filter>
    </ClInclude>
    <ClInclude Include="..\SDL2-2.0.22\include\SDL_filesystem.h">
      <Filter>Header Files\SDL2</Filter>
    </ClInclude>
    <ClInclude Include="..\SDL2-2.0.22\include\SDL_gamecontroller.h">
      <Filter>Header Files\SDL2</Filter>
    </ClInclude>
    <ClInclude Include="..\SDL2-2.0.22\include\SDL_gesture.h">
      <Filter>Header Files\SDL2</Filter>
    </ClInclude>
    <ClInclude Include="..\SDL2-2.0.22\include\SDL_haptic.h">
      <Filter>Header Files\SDL2</Filter>
    </ClInclude>
    <ClInclude Include="..\SDL2-2.0.22\include\SDL_hidapi.h">
      <Filter>Header Files\SDL2</Filter>
    </ClInclude>
    <ClInclude Include="..\SDL2-2.0.22\include\SDL_hints.h">
      <Filter>Header Files\SDL2</Filter>
    </ClInclude>
    <ClInclude Include="..\SDL2-2.0.22\include\SDL_joystick.h">
      <Filter>Header Files\SDL2</Filter>
    </ClInclude>
    <ClInclude Include="..\SDL2-2.0.22\include\SDL_keyboard.h">
      <Filter>Header Files\SDL2</Filter>
    </ClInclude>
    <ClInclude Include="..\SDL2-2.0.22\include\SDL_keycode.h">
      <Filter>Header Files\SDL2</Filter>
    </ClInclude>
    <ClInclude Include="..\SDL2-2.0.22\include\SDL_loadso.h">
      <Filter>Header Files\SDL2</Filter>
    </ClInclude>
    <ClInclude Include="..\SDL2-2.0.22\include\SDL_locale.h">
      <Filter>Header Files\SDL2</Filter>
    </ClInclude>
    <ClInclude Include="..\SDL2-2.0.22\include\SDL_log.h">
      <Filter>Header Files\SDL2</Filter>
    </ClInclude>
    <ClInclude Include="..\SDL2-2.0.22\include\SDL_main.h">
      <Filter>Header Files\SDL2</Filter>
    </ClInclude>
    <ClInclude Include="..\SDL2-2.0.22\include\SDL_messagebox.h">
      <Filter>Header Files\SDL2</Filter>
    </ClInclude>
    <ClInclude Include="..\SDL2-2.0.22\include\SDL_metal.h">
      <Filter>Header Files\SDL2</Filter>
    </ClInclude>
    <ClInclude Include="..\SDL2-2.0.22\include\SDL_misc.h">
      <Filter>Header Files\SDL2</Filter>
    </ClInclude>
    <ClInclude Include="..\SDL2-2.0.22\include\SDL_mouse.h">
      <Filter>Header Files\SDL2</Filter>
    </ClInclude>
    <ClInclude Include="..\SDL2-2.0.22\include\SDL_mutex.h">
      <Filter>Header Files\SDL2</Filter>
    </ClInclude>
    <ClInclude Include="..\SDL2-2.0.22\include\SDL_name.h">
      <Filter>Header Files\SDL2</Filter>
    </ClInclude>
    <ClInclude Include="..\SDL2-2.0.22\include\SDL_opengl.h">
      <Filter>Header Files\SDL2</Filter>
    </ClInclude>
    <ClInclude Include="..\SDL2-2.0.22\include\SDL_opengl_glext.h">
      <Filter>Header Files\SDL2</Filter>
    </ClInclude>
    <ClInclude Include="..\SDL2-2.0.22\include\SDL_opengles.h">
      <Filter>Header Files\SDL2</Filter>
    </ClInclude>
    <ClInclude Include="..\SDL2-2.0.22\include\SDL_opengles2.h">
      <Filter>Header Files\SDL2</Filter>
    </ClInclude>
    <ClInclude Include="..\SDL2-2.0.22\include\SDL_opengles2_gl2.h">
      <Filter>Header Files\SDL2</Filter>
    </ClInclude>
    <ClInclude Include="..\SDL2-2.0.22\include\SDL_opengles2_gl2ext.h">
      <Filter>Header Files\SDL2</Filter>
    </ClInclude>
    <ClInclude Include="..\SDL2-2.0.22\include\SDL_opengles2_gl2platform.h">
      <Filter>Header Files\SDL2</Filter>
    </ClInclude>
    <ClInclude Include="..\SDL2-2.0.22\include\SDL_opengles2_khrplatform.h">
      <Filter>Header Files\SDL2</Filter>
    </ClInclude>
    <ClInclude Include="..\SDL2-2.0.22\include\SDL_pixels.h">
      <Filter>Header Files\SDL2</Filter>
    </ClInclude>
    <ClInclude Include="..\SDL2-2.0.22\include\SDL_platform.h">
      <Filter>Header Files\SDL2</Filter>
    </ClInclude>
    <ClInclude Include="..\SDL2-2.0.22\include\SDL_power.h">
      <Filter>Header Files\SDL2</Filter>
    </ClInclude>
    <ClInclude Include="..\SDL2-2.0.22\include\SDL_quit.h">
      <Filter>Header Files\SDL2</Filter>
    </ClInclude>
    <ClInclude Include="..\SDL2-2.0.22\include\SDL_rect.h">
      <Filter>Header Files\SDL2</Filter>
    </ClInclude>
    <ClInclude Include="..\SDL2-2.0.22\include\SDL_render.h">
      <Filter>Header Files\SDL2</Filter>
    </ClInclude>
    <ClInclude Include="..\SDL2-2.0.22\include\SDL_revision.h">
      <Filter>Header Files\SDL2</Filter>
    </ClInclude>
    <ClInclude Include="..\SDL2-2.0.22\include\SDL_rwops.h">
      <Filter>Header Files\SDL2</Filter>
    </ClInclude>
    <ClInclude Include="..\SDL2-2.0.22\include\SDL_scancode.h">
      <Filter>Header Files\SDL2</Filter>
    </ClInclude>
    <ClInclude Include="..\SDL2-2.0.22\include\SDL_sensor.h">
      <Filter>Header Files\SDL2</Filter>
    </ClInclude>
    <ClInclude Include="..\SDL2-2.0.22\include\SDL_shape.h">
      <Filter>Header Files\SDL2</Filter>
    </ClInclude>
    <ClInclude Include="..\SDL2-2.0.22\include\SDL_stdinc.h">
      <Filter>Header Files\SDL2</Filter>
    </ClInclude>
    <ClInclude Include="..\SDL2-2.0.22\include\SDL_surface.h">
      <Filter>Header Files\SDL2</Filter>
    </ClInclude>
    <ClInclude Include="..\SDL2-2.0.22\include\SDL_system.h">
      <Filter>Header Files\SDL2</Filter>
    </ClInclude>
    <ClInclude Include="..\SDL2-2.0.22\include\SDL_syswm.h">
      <Filter>Header Files\SDL2</Filter>
    </ClInclude>
    <ClInclude Include="..\SDL2-2.0.22\include\SDL_test.h">
      <Filter>Header Files\SDL2</Filter>
    </ClInclude>
    <ClInclude Include="..\SDL2-2.0.22\include\SDL_test_assert.h">
      <Filter>Header Files\SDL2</Filter>
    </ClInclude>
    <ClInclude Include="..\SDL2-2.0.22\include\SDL_test_common.h">
      <Filter>Header Files\SDL2</Filter>
    </ClInclude>
    <ClInclude Include="..\SDL2-2.0.22\include\SDL_test_compare.h">
      <Filter>Header Files\SDL2</Filter>
    </ClInclude>
    <ClInclude Include="..\SDL2-2.0.22\include\SDL_test_crc32.h">
      <Filter>Header Files\SDL2</Filter>
    </ClInclude>
    <ClInclude Include="..\SDL2-2.0.22\include\SDL_test_font.h">
      <Filter>Header Files\SDL2</Filter>
    </ClInclude>
    <ClInclude Include="..\SDL2-2.0.22\include\SDL_test_fuzzer.h">
      <Filter>Header Files\SDL2</Filter>
    </ClInclude>
    <ClInclude Include="..\SDL2-2.0.22\include\SDL_test_harness.h">
      <Filter>Header Files\SDL2</Filter>
    </ClInclude>
    <ClInclude Include="..\SDL2-2.0.22\include\SDL_test_images.h">
      <Filter>Header Files\SDL2</Filter>
    </ClInclude>
    <ClInclude Include="..\SDL2-2.0.22\include\SDL_test_log.h">
      <Filter>Header Files\SDL2</Filter>
    </ClInclude>
    <ClInclude Include="..\SDL2-2.0.22\include\SDL_test_md5.h">
      <Filter>Header Files\SDL2</Filter>
    </ClInclude>
    <ClInclude Include="..\SDL2-2.0.22\include\SDL_test_memory.h">
      <Filter>Header Files\SDL2</Filter>
    </ClInclude>
    <ClInclude Include="..\SDL2-2.0.22\include\SDL_test_random.h">
      <Filter>Header Files\SDL2</Filter>
    </ClInclude>
    <ClInclude Include="..\SDL2-2.0.22\include\SDL_thread.h">
      <Filter>Header Files\SDL2</Filter>
    </ClInclude>
    <ClInclude Include="..\SDL2-2.0.22\include\SDL_timer.h">
      <Filter>Header Files\SDL2</Filter>
    </ClInclude>
    <ClInclude Include="..\SDL2-2.0.22\include\SDL_touch.h">
      <Filter>Header Files\SDL2</Filter>
    </ClInclude>
    <ClInclude Include="..\SDL2-2.0.22\include\SDL_types.h">
      <Filter>Header Files\SDL2</Filter>
    </ClInclude>
    <ClInclude Include="..\SDL2-2.0.22\include\SDL_version.h">
      <Filter>Header Files\SDL2</Filter>
    </ClInclude>
    <ClInclude Include="..\SDL2-2.0.22\include\SDL_video.h">
      <Filter>Header Files\SDL2</Filter>
    </ClInclude>
    <ClInclude Include="..\SDL2-2.0.22\include\SDL_vulkan.h">
      <Filter>Header Files\SDL2</Filter>
    </ClInclude>
    <ClInclude Include="..\plano\include\plano_api.h">
      <Filter>Header Files\plano</Filter>
    </ClInclude>
    <ClInclude Include="..\plano\include\plano_types.h">
      <Filter>Header Files\plano</Filter>
    </ClInclude>
    <ClInclude Include="..\plano\include\internal\attribute.h">
      <Filter>Header Files\plano\internal</Filter>
    </ClInclude>
    <ClInclude Include="..\plano\include\internal\builders.h">
      <Filter>Header Files\plano\internal</Filter>
    </ClInclude>
    <ClInclude Include="..\plano\include\internal\draw_nodes.h">
      <Filter>Header Files\plano\internal</Filter>
    </ClInclude>
    <ClInclude Include="..\plano\include\internal\draw_utils.h">
      <Filter>Header Files\plano\internal</Filter>
    </ClInclude>
    <ClInclude Include="..\plano\include\internal\drawing.h">
      <Filter>Header Files\plano\internal</Filter>
    </ClInclude>
    <ClInclude Include="..\plano\include\internal\example_property_im_draw.h">
      <Filter>Header Files\plano\internal</Filter>
    </ClInclude>
    <ClInclude Include="..\plano\include\internal\handle_interactions.h">
      <Filter>Header Files\plano\internal</Filter>
    </ClInclude>
    <ClInclude Include="..\plano\include\internal\imgui_stdlib.h">
      <Filter>Header Files\plano\internal</Filter>
    </ClInclude>
    <ClInclude Include="..\plano\include\internal\internal.h">
      <Filter>Header Files\plano\internal</Filter>
    </ClInclude>
    <ClInclude Include="..\plano\include\internal\stb_image.h">
      <Filter>Header Files\plano\internal</Filter>
    </ClInclude>
    <ClInclude Include="..\plano\include\internal\widgets.h">
      <Filter>Header Files\plano\internal</Filter>
    </ClInclude>
    <ClInclude Include="..\imgui-node-editor\crude_json.h">
      <Filter>Header Files\imgui-node-editor</Filter>
    </ClInclude>
    <ClInclude Include="..\imgui-node-editor\imgui_bezier_math.h">
      <Filter>Header Files\imgui-node-editor</Filter>
    </ClInclude>
    <ClInclude Include="..\imgui-node-editor\imgui_canvas.h">
      <Filter>Header Files\imgui-node-editor</Filter>
    </ClInclude>
    <ClInclude Include="..\imgui-node-editor\imgui_extra_math.h">
      <Filter>Header Files\imgui-node-editor</Filter>
    </ClInclude>
    <ClInclude Include="..\imgui-node-editor\imgui_node_editor.h">
      <Filter>Header Files\imgui-node-editor</Filter>
    </ClInclude>
    <ClInclude Include="..\imgui-node-editor\imgui_node_editor_internal.h">
      <Filter>Header Files\imgui-node-editor</Filter>
    </ClInclude>
    <ClInclude Include="plano_properties.h">
      <Filter>Header Files\plano</Filter>
    </ClInclude>
  </ItemGroup>
</Project>