<?xml version="1.0" encoding="utf-8"?>
<Project ToolsVersion="4.0" xmlns="http://schemas.microsoft.com/developer/msbuild/2003">
  <ItemGroup>
    <Filter Include="Source Files">
      <UniqueIdentifier>{4FC737F1-C7A5-4376-A066-2A32D752A2FF}</UniqueIdentifier>
      <Extensions>cpp;c;cc;cxx;c++;cppm;ixx;def;odl;idl;hpj;bat;asm;asmx</Extensions>
    </Filter>
    <Filter Include="Header Files">
      <UniqueIdentifier>{93995380-89BD-4b04-88EB-625FBE52EBFB}</UniqueIdentifier>
      <Extensions>h;hh;hpp;hxx;h++;hm;inl;inc;ipp;xsd</Extensions>
    </Filter>
    <Filter Include="Resource Files">
      <UniqueIdentifier>{67DA6AB6-F800-4c08-8B7A-83BB121AAD01}</UniqueIdentifier>
      <Extensions>rc;ico;cur;bmp;dlg;rc2;rct;bin;rgs;gif;jpg;jpeg;jpe;resx;tiff;tif;png;wav;mfcribbon-ms</Extensions>
    </Filter>
    <Filter Include="Source Files\imgui-node-editor">
      <UniqueIdentifier>{a215860e-b0fb-4afb-8adb-46b6e8a7035e}</UniqueIdentifier>
    </Filter>
    <Filter Include="Source Files\dear imgui INE version">
      <UniqueIdentifier>{09be06bc-6828-4fbd-a3d1-4ef18e4b1886}</UniqueIdentifier>
    </Filter>
    <Filter Include="Header Files\dear imgui INE version">
      <UniqueIdentifier>{afca5a61-9313-40ea-8fdf-582f6abaeaae}</UniqueIdentifier>
    </Filter>
    <Filter Include="Header Files\glew">
      <UniqueIdentifier>{e516f4b6-9533-4a87-9901-b262890baa44}</UniqueIdentifier>
    </Filter>
    <Filter Include="Header Files\node_defs">
      <UniqueIdentifier>{6106ca94-1d65-423e-9ee1-905e327c0d1e}</UniqueIdentifier>
    </Filter>
    <Filter Include="Source Files\plano">
      <UniqueIdentifier>{55453df4-6841-40e0-99a4-239d6d37b502}</UniqueIdentifier>
    </Filter>
  </ItemGroup>
  <ItemGroup>
    <ClCompile Include="main.cpp">
      <Filter>Source Files</Filter>
    </ClCompile>
    <ClCompile Include="..\imgui-node-editor\imgui_canvas.cpp">
      <Filter>Source Files\imgui-node-editor</Filter>
    </ClCompile>
    <ClCompile Include="..\imgui-node-editor\imgui_node_editor.cpp">
      <Filter>Source Files\imgui-node-editor</Filter>
    </ClCompile>
    <ClCompile Include="..\imgui-node-editor\imgui_node_editor_api.cpp">
      <Filter>Source Files\imgui-node-editor</Filter>
    </ClCompile>
    <ClCompile Include="..\imgui-node-editor\crude_json.cpp">
      <Filter>Source Files\imgui-node-editor</Filter>
    </ClCompile>
    <ClCompile Include="..\imgui-node-editor\external\imgui\imgui_widgets.cpp">
      <Filter>Source Files\dear imgui INE version</Filter>
    </ClCompile>
    <ClCompile Include="..\imgui-node-editor\external\imgui\imgui.cpp">
      <Filter>Source Files\dear imgui INE version</Filter>
    </ClCompile>
    <ClCompile Include="..\imgui-node-editor\external\imgui\imgui_demo.cpp">
      <Filter>Source Files\dear imgui INE version</Filter>
    </ClCompile>
    <ClCompile Include="..\imgui-node-editor\external\imgui\imgui_draw.cpp">
      <Filter>Source Files\dear imgui INE version</Filter>
    </ClCompile>
    <ClCompile Include="..\imgui-node-editor\external\imgui\imgui_tables.cpp">
      <Filter>Source Files\dear imgui INE version</Filter>
    </ClCompile>
    <ClCompile Include="imgui_impl_opengl3.cpp">
      <Filter>Source Files</Filter>
    </ClCompile>
    <ClCompile Include="imgui_impl_sdl.cpp">
      <Filter>Source Files</Filter>
    </ClCompile>
    <ClCompile Include="..\imgui-node-editor-turnkey\src\attribute.cpp">
      <Filter>Source Files\plano</Filter>
    </ClCompile>
    <ClCompile Include="..\imgui-node-editor-turnkey\src\backend_io.cpp">
      <Filter>Source Files\plano</Filter>
    </ClCompile>
    <ClCompile Include="..\imgui-node-editor-turnkey\src\builders.cpp">
      <Filter>Source Files\plano</Filter>
    </ClCompile>
    <ClCompile Include="..\imgui-node-editor-turnkey\src\draw_nodes.cpp">
      <Filter>Source Files\plano</Filter>
    </ClCompile>
    <ClCompile Include="..\imgui-node-editor-turnkey\src\drawing.cpp">
      <Filter>Source Files\plano</Filter>
    </ClCompile>
    <ClCompile Include="..\imgui-node-editor-turnkey\src\example_property_im_draw.cpp">
      <Filter>Source Files\plano</Filter>
    </ClCompile>
    <ClCompile Include="..\imgui-node-editor-turnkey\src\frame.cpp">
      <Filter>Source Files\plano</Filter>
    </ClCompile>
    <ClCompile Include="..\imgui-node-editor-turnkey\src\handle_interactions.cpp">
      <Filter>Source Files\plano</Filter>
    </ClCompile>
    <ClCompile Include="..\imgui-node-editor-turnkey\src\imgui_stdlib.cpp">
      <Filter>Source Files\plano</Filter>
    </ClCompile>
    <ClCompile Include="..\imgui-node-editor-turnkey\src\internal.cpp">
      <Filter>Source Files\plano</Filter>
    </ClCompile>
    <ClCompile Include="..\imgui-node-editor-turnkey\src\node_registry.cpp">
      <Filter>Source Files\plano</Filter>
    </ClCompile>
    <ClCompile Include="..\imgui-node-editor-turnkey\src\plano_api.cpp">
      <Filter>Source Files\plano</Filter>
    </ClCompile>
    <ClCompile Include="..\imgui-node-editor-turnkey\src\widgets.cpp">
      <Filter>Source Files\plano</Filter>
    </ClCompile>
  </ItemGroup>
  <ItemGroup>
    <None Include="..\imgui-node-editor\imgui_node_editor_internal.inl">
      <Filter>Source Files\imgui-node-editor</Filter>
    </None>
    <None Include="..\imgui-node-editor\imgui_bezier_math.inl">
      <Filter>Source Files\imgui-node-editor</Filter>
    </None>
    <None Include="..\imgui-node-editor\imgui_extra_math.inl">
      <Filter>Source Files\imgui-node-editor</Filter>
    </None>
  </ItemGroup>
  <ItemGroup>
    <ClInclude Include="..\glew-2.1.0\include\GL\eglew.h">
      <Filter>Header Files\glew</Filter>
    </ClInclude>
    <ClInclude Include="..\glew-2.1.0\include\GL\glew.h">
      <Filter>Header Files\glew</Filter>
    </ClInclude>
    <ClInclude Include="..\glew-2.1.0\include\GL\glxew.h">
      <Filter>Header Files\glew</Filter>
    </ClInclude>
    <ClInclude Include="..\glew-2.1.0\include\GL\wglew.h">
      <Filter>Header Files\glew</Filter>
    </ClInclude>
    <ClInclude Include="node_defs\blueprint_demo.h">
      <Filter>Header Files\node_defs</Filter>
    </ClInclude>
    <ClInclude Include="node_defs\import_animal.h">
      <Filter>Header Files\node_defs</Filter>
    </ClInclude>
  </ItemGroup>
</Project>