
Microsoft Visual Studio Solution File, Format Version 12.00
# Visual Studio Version 17
VisualStudioVersion = 17.2.32505.173
MinimumVisualStudioVersion = 10.0.40219.1
Project("{8BC9CEB8-8B4A-11D0-8D11-00A0C91BC942}") = "nodos", "nodos.vcxproj", "{7AA8E78F-C6CA-4C22-95D6-EFFFF6B17794}"
EndProject
Global
	GlobalSection(SolutionConfigurationPlatforms) = preSolution
		Debug|x64 = Debug|x64
		Debug|x86 = Debug|x86
		Release|x64 = Release|x64
		Release|x86 = Release|x86
	EndGlobalSection
	GlobalSection(ProjectConfigurationPlatforms) = postSolution
		{7AA8E78F-C6CA-4C22-95D6-EFFFF6B17794}.Debug|x64.ActiveCfg = Debug|x64
		{7AA8E78F-C6CA-4C22-95D6-EFFFF6B17794}.Debug|x64.Build.0 = Debug|x64
		{7AA8E78F-C6CA-4C22-95D6-EFFFF6B17794}.Debug|x86.ActiveCfg = Debug|Win32
		{7AA8E78F-C6CA-4C22-95D6-EFFFF6B17794}.Debug|x86.Build.0 = Debug|Win32
		{7AA8E78F-C6CA-4C22-95D6-EFFFF6B17794}.Release|x64.ActiveCfg = Release|x64
		{7AA8E78F-C6CA-4C22-95D6-EFFFF6B17794}.Release|x64.Build.0 = Release|x64
		{7AA8E78F-C6CA-4C22-95D6-EFFFF6B17794}.Release|x86.ActiveCfg = Release|Win32
		{7AA8E78F-C6CA-4C22-95D6-EFFFF6B17794}.Release|x86.Build.0 = Release|Win32
	EndGlobalSection
	GlobalSection(SolutionProperties) = preSolution
		HideSolutionNode = FALSE
	EndGlobalSection
	GlobalSection(ExtensibilityGlobals) = postSolution
		SolutionGuid = {1EE87EC1-63BD-417B-855D-1058BC52B327}
	EndGlobalSection
EndGlobal
